{
  "name": "biblical-movements",
  "lockfileVersion": 3,
  "requires": true,
  "packages": {
    "": {
      "dependencies": {
        "@chakra-ui/icons": "^2.2.4"
      }
    },
    "node_modules/@chakra-ui/icons": {
      "version": "2.2.4",
      "resolved": "https://registry.npmjs.org/@chakra-ui/icons/-/icons-2.2.4.tgz",
      "integrity": "sha512-l5QdBgwrAg3Sc2BRqtNkJpfuLw/pWRDwwT58J6c4PqQT6wzXxyNa8Q0PForu1ltB5qEiFb1kxr/F/HO1EwNa6g==",
      "peerDependencies": {
        "@chakra-ui/react": ">=2.0.0",
        "react": ">=18"
      }
    }
  }
}
